
Microsoft Visual Studio Solution File, Format Version 12.00
# Visual Studio Version 16
VisualStudioVersion = 16.0.32002.261
MinimumVisualStudioVersion = 10.0.40219.1
Project("{FAE04EC0-301F-11D3-BF4B-00C04F79EFBC}") = "TeknoA_Database", "TeknoA_Database\TeknoA_Database.csproj", "{D62D70B3-6F70-45AF-A908-35385A0C26EC}"
EndProject
Global
	GlobalSection(SolutionConfigurationPlatforms) = preSolution
		Debug|Any CPU = Debug|Any CPU
		Release|Any CPU = Release|Any CPU
	EndGlobalSection
	GlobalSection(ProjectConfigurationPlatforms) = postSolution
		{D62D70B3-6F70-45AF-A908-35385A0C26EC}.Debug|Any CPU.ActiveCfg = Debug|Any CPU
		{D62D70B3-6F70-45AF-A908-35385A0C26EC}.Debug|Any CPU.Build.0 = Debug|Any CPU
		{D62D70B3-6F70-45AF-A908-35385A0C26EC}.Release|Any CPU.ActiveCfg = Release|Any CPU
		{D62D70B3-6F70-45AF-A908-35385A0C26EC}.Release|Any CPU.Build.0 = Release|Any CPU
	EndGlobalSection
	GlobalSection(SolutionProperties) = preSolution
		HideSolutionNode = FALSE
	EndGlobalSection
	GlobalSection(ExtensibilityGlobals) = postSolution
		SolutionGuid = {DC795D9C-E9C3-4D7A-9E65-997843DF5F25}
	EndGlobalSection
EndGlobal
